{
  "name": "ai-vision2",
  "version": "1.0.0",
  "lockfileVersion": 1,
  "requires": true,
  "dependencies": {
    "calendar": {
      "version": "github:pithyone/calendar.js#55409831a98f880db7728bd187552eb21231c11a",
      "from": "github:pithyone/calendar.js"
    },
    "crypto-js": {
      "version": "4.0.0",
      "resolved": "https://registry.npmjs.org/crypto-js/-/crypto-js-4.0.0.tgz",
      "integrity": "sha512-bzHZN8Pn+gS7DQA6n+iUmBfl0hO5DJq++QP3U6uTucDtk/0iGpXd/Gg7CGR0p8tJhofJyaKoWBuJI4eAO00BBg=="
    },
    "miniprogram-datepicker": {
      "version": "0.3.0",
      "resolved": "https://registry.npmjs.org/miniprogram-datepicker/-/miniprogram-datepicker-0.3.0.tgz",
      "integrity": "sha512-G2JgKIDn/W2E43yx9u0v3tNteK54FZTvqhLFmU75+i8X119p0aOhgd0meTyqZrJ3r20JBR6ZVoyIIuWD0wJjXw==",
      "requires": {
        "calendar": "github:pithyone/calendar.js"
      }
    }
  }
}
